{
  "object": {
    "pins": [
      {
        "package": "RVS_BlueThoth",
        "repositoryURL": "git@github.com:RiftValleySoftware/RVS_BlueThoth.git",
        "state": {
          "branch": null,
          "revision": "e98c332cd4e0923b944ecb87464457139e843e97",
          "version": "1.2.2"
        }
      },
      {
        "package": "RVS_Generic_Swift_Toolbox",
        "repositoryURL": "git@github.com:RiftValleySoftware/RVS_Generic_Swift_Toolbox.git",
        "state": {
          "branch": null,
          "revision": "81615a37d81909a53a92fbce3a92533cd1dadf48",
          "version": "1.2.1"
        }
      },
      {
        "package": "RVS_Persistent_Prefs",
        "repositoryURL": "git@github.com:RiftValleySoftware/RVS_PersistentPrefs.git",
        "state": {
          "branch": null,
          "revision": "36f0b8d95398ef596a776d4126b80d366d250a04",
          "version": "1.1.2"
        }
      }
    ]
  },
  "version": 1
}
