{
  "object": {
    "pins": [
      {
        "package": "RVS_BlueThoth",
        "repositoryURL": "https://github.com/RiftValleySoftware/RVS_BlueThoth",
        "state": {
          "branch": null,
          "revision": "f201166c168534523f4588297c1c620b03ce2438",
          "version": "1.6.2"
        }
      },
      {
        "package": "RVS_Generic_Swift_Toolbox",
        "repositoryURL": "git@github.com:RiftValleySoftware/RVS_Generic_Swift_Toolbox.git",
        "state": {
          "branch": null,
          "revision": "69e44c733c156297bf20b998051cc8ee11ada987",
          "version": "1.6.5"
        }
      },
      {
        "package": "RVS_Persistent_Prefs",
        "repositoryURL": "https://github.com/RiftValleySoftware/RVS_PersistentPrefs",
        "state": {
          "branch": null,
          "revision": "c97a6b6e4f550976baaa445b8c93d1ef2b740d36",
          "version": "1.2.6"
        }
      }
    ]
  },
  "version": 1
}
