{
  "originHash" : "c00f971be79b073c91e557684afe142624f362ea4117e9b5bb3613f9ba96be48",
  "pins" : [
    {
      "identity" : "rvs_bluethoth",
      "kind" : "remoteSourceControl",
      "location" : "https://github.com/RiftValleySoftware/RVS_BlueThoth",
      "state" : {
        "revision" : "d65b542f2a1d2d2ab6dbcd161d1f7d99b6e79bd1",
        "version" : "1.10.2"
      }
    },
    {
      "identity" : "rvs_generic_swift_toolbox",
      "kind" : "remoteSourceControl",
      "location" : "https://github.com/RiftValleySoftware/RVS_Generic_Swift_Toolbox",
      "state" : {
        "revision" : "570d1fec7e46533deda211cc4e05665c19091a51",
        "version" : "1.16.3"
      }
    },
    {
      "identity" : "rvs_persistentprefs",
      "kind" : "remoteSourceControl",
      "location" : "https://github.com/RiftValleySoftware/RVS_PersistentPrefs",
      "state" : {
        "revision" : "53b87fb1e974c95e35981ada462fcd8fe406643a",
        "version" : "1.6.0"
      }
    }
  ],
  "version" : 3
}
